// !$*UTF8*$!
{
	archiveVersion = 1;
	classes = {
	};
	objectVersion = 48;
	objects = {

/* Begin PBXBuildFile section */
		A64C63FC1F6CD8B600A407B0 /* AppDelegate.swift in Sources */ = {isa = PBXBuildFile; fileRef = A64C63FB1F6CD8B600A407B0 /* AppDelegate.swift */; };
		A64C63FE1F6CD8B600A407B0 /* ViewController.swift in Sources */ = {isa = PBXBuildFile; fileRef = A64C63FD1F6CD8B600A407B0 /* ViewController.swift */; };
		A64C64011F6CD8B600A407B0 /* Main.storyboard in Resources */ = {isa = PBXBuildFile; fileRef = A64C63FF1F6CD8B600A407B0 /* Main.storyboard */; };
		A64C64031F6CD8B600A407B0 /* Assets.xcassets in Resources */ = {isa = PBXBuildFile; fileRef = A64C64021F6CD8B600A407B0 /* Assets.xcassets */; };
		A64C64061F6CD8B600A407B0 /* LaunchScreen.storyboard in Resources */ = {isa = PBXBuildFile; fileRef = A64C64041F6CD8B600A407B0 /* LaunchScreen.storyboard */; };
		A64C640F1F6CDA3700A407B0 /* CoordinateSystem.swift in Sources */ = {isa = PBXBuildFile; fileRef = A64C640E1F6CDA3700A407B0 /* CoordinateSystem.swift */; };
/* End PBXBuildFile section */

/* Begin PBXFileReference section */
		A64C63F81F6CD8B600A407B0 /* ARPlay.app */ = {isa = PBXFileReference; explicitFileType = wrapper.application; includeInIndex = 0; path = ARPlay.app; sourceTree = BUILT_PRODUCTS_DIR; };
		A64C63FB1F6CD8B600A407B0 /* AppDelegate.swift */ = {isa = PBXFileReference; lastKnownFileType = sourcecode.swift; path = AppDelegate.swift; sourceTree = "<group>"; };
		A64C63FD1F6CD8B600A407B0 /* ViewController.swift */ = {isa = PBXFileReference; lastKnownFileType = sourcecode.swift; path = ViewController.swift; sourceTree = "<group>"; };
		A64C64001F6CD8B600A407B0 /* Base */ = {isa = PBXFileReference; lastKnownFileType = file.storyboard; name = Base; path = Base.lproj/Main.storyboard; sourceTree = "<group>"; };
		A64C64021F6CD8B600A407B0 /* Assets.xcassets */ = {isa = PBXFileReference; lastKnownFileType = folder.assetcatalog; path = Assets.xcassets; sourceTree = "<group>"; };
		A64C64051F6CD8B600A407B0 /* Base */ = {isa = PBXFileReference; lastKnownFileType = file.storyboard; name = Base; path = Base.lproj/LaunchScreen.storyboard; sourceTree = "<group>"; };
		A64C64071F6CD8B700A407B0 /* Info.plist */ = {isa = PBXFileReference; lastKnownFileType = text.plist.xml; path = Info.plist; sourceTree = "<group>"; };
		A64C640E1F6CDA3700A407B0 /* CoordinateSystem.swift */ = {isa = PBXFileReference; lastKnownFileType = sourcecode.swift; path = CoordinateSystem.swift; sourceTree = "<group>"; };
/* End PBXFileReference section */

/* Begin PBXFrameworksBuildPhase section */
		A64C63F51F6CD8B600A407B0 /* Frameworks */ = {
			isa = PBXFrameworksBuildPhase;
			buildActionMask = 2147483647;
			files = (
			);
			runOnlyForDeploymentPostprocessing = 0;
		};
/* End PBXFrameworksBuildPhase section */

/* Begin PBXGroup section */
		A64C63EF1F6CD8B600A407B0 = {
			isa = PBXGroup;
			children = (
				A64C63FA1F6CD8B600A407B0 /* ARPlay */,
				A64C63F91F6CD8B600A407B0 /* Products */,
			);
			sourceTree = "<group>";
		};
		A64C63F91F6CD8B600A407B0 /* Products */ = {
			isa = PBXGroup;
			children = (
				A64C63F81F6CD8B600A407B0 /* ARPlay.app */,
			);
			name = Products;
			sourceTree = "<group>";
		};
		A64C63FA1F6CD8B600A407B0 /* ARPlay */ = {
			isa = PBXGroup;
			children = (
				A64C640D1F6CD8C900A407B0 /* Supporting Files */,
				A64C63FD1F6CD8B600A407B0 /* ViewController.swift */,
				A64C640E1F6CDA3700A407B0 /* CoordinateSystem.swift */,
				A64C63FF1F6CD8B600A407B0 /* Main.storyboard */,
				A64C64071F6CD8B700A407B0 /* Info.plist */,
			);
			path = ARPlay;
			sourceTree = "<group>";
		};
		A64C640D1F6CD8C900A407B0 /* Supporting Files */ = {
			isa = PBXGroup;
			children = (
				A64C63FB1F6CD8B600A407B0 /* AppDelegate.swift */,
				A64C64021F6CD8B600A407B0 /* Assets.xcassets */,
				A64C64041F6CD8B600A407B0 /* LaunchScreen.storyboard */,
			);
			path = "Supporting Files";
			sourceTree = "<group>";
		};
/* End PBXGroup section */

/* Begin PBXNativeTarget section */
		A64C63F71F6CD8B600A407B0 /* ARPlay */ = {
			isa = PBXNativeTarget;
			buildConfigurationList = A64C640A1F6CD8B700A407B0 /* Build configuration list for PBXNativeTarget "ARPlay" */;
			buildPhases = (
				A64C63F41F6CD8B600A407B0 /* Sources */,
				A64C63F51F6CD8B600A407B0 /* Frameworks */,
				A64C63F61F6CD8B600A407B0 /* Resources */,
			);
			buildRules = (
			);
			dependencies = (
			);
			name = ARPlay;
			productName = ARPlay;
			productReference = A64C63F81F6CD8B600A407B0 /* ARPlay.app */;
			productType = "com.apple.product-type.application";
		};
/* End PBXNativeTarget section */

/* Begin PBXProject section */
		A64C63F01F6CD8B600A407B0 /* Project object */ = {
			isa = PBXProject;
			attributes = {
				LastSwiftUpdateCheck = 0900;
				LastUpgradeCheck = 0900;
				ORGANIZATIONNAME = SFU;
				TargetAttributes = {
					A64C63F71F6CD8B600A407B0 = {
						CreatedOnToolsVersion = 9.0;
						ProvisioningStyle = Automatic;
					};
				};
			};
			buildConfigurationList = A64C63F31F6CD8B600A407B0 /* Build configuration list for PBXProject "ARPlay" */;
			compatibilityVersion = "Xcode 8.0";
			developmentRegion = en;
			hasScannedForEncodings = 0;
			knownRegions = (
				en,
				Base,
			);
			mainGroup = A64C63EF1F6CD8B600A407B0;
			productRefGroup = A64C63F91F6CD8B600A407B0 /* Products */;
			projectDirPath = "";
			projectRoot = "";
			targets = (
				A64C63F71F6CD8B600A407B0 /* ARPlay */,
			);
		};
/* End PBXProject section */

/* Begin PBXResourcesBuildPhase section */
		A64C63F61F6CD8B600A407B0 /* Resources */ = {
			isa = PBXResourcesBuildPhase;
			buildActionMask = 2147483647;
			files = (
				A64C64061F6CD8B600A407B0 /* LaunchScreen.storyboard in Resources */,
				A64C64031F6CD8B600A407B0 /* Assets.xcassets in Resources */,
				A64C64011F6CD8B600A407B0 /* Main.storyboard in Resources */,
			);
			runOnlyForDeploymentPostprocessing = 0;
		};
/* End PBXResourcesBuildPhase section */

/* Begin PBXSourcesBuildPhase section */
		A64C63F41F6CD8B600A407B0 /* Sources */ = {
			isa = PBXSourcesBuildPhase;
			buildActionMask = 2147483647;
			files = (
				A64C63FE1F6CD8B600A407B0 /* ViewController.swift in Sources */,
				A64C63FC1F6CD8B600A407B0 /* AppDelegate.swift in Sources */,
				A64C640F1F6CDA3700A407B0 /* CoordinateSystem.swift in Sources */,
			);
			runOnlyForDeploymentPostprocessing = 0;
		};
/* End PBXSourcesBuildPhase section */

/* Begin PBXVariantGroup section */
		A64C63FF1F6CD8B600A407B0 /* Main.storyboard */ = {
			isa = PBXVariantGroup;
			children = (
				A64C64001F6CD8B600A407B0 /* Base */,
			);
			name = Main.storyboard;
			sourceTree = "<group>";
		};
		A64C64041F6CD8B600A407B0 /* LaunchScreen.storyboard */ = {
			isa = PBXVariantGroup;
			children = (
				A64C64051F6CD8B600A407B0 /* Base */,
			);
			name = LaunchScreen.storyboard;
			sourceTree = "<group>";
		};
/* End PBXVariantGroup section */

/* Begin XCBuildConfiguration section */
		A64C64081F6CD8B700A407B0 /* Debug */ = {
			isa = XCBuildConfiguration;
			buildSettings = {
				ALWAYS_SEARCH_USER_PATHS = NO;
				CLANG_ANALYZER_NONNULL = YES;
				CLANG_ANALYZER_NUMBER_OBJECT_CONVERSION = YES_AGGRESSIVE;
				CLANG_CXX_LANGUAGE_STANDARD = "gnu++14";
				CLANG_CXX_LIBRARY = "libc++";
				CLANG_ENABLE_MODULES = YES;
				CLANG_ENABLE_OBJC_ARC = YES;
				CLANG_WARN_BLOCK_CAPTURE_AUTORELEASING = YES;
				CLANG_WARN_BOOL_CONVERSION = YES;
				CLANG_WARN_COMMA = YES;
				CLANG_WARN_CONSTANT_CONVERSION = YES;
				CLANG_WARN_DIRECT_OBJC_ISA_USAGE = YES_ERROR;
				CLANG_WARN_DOCUMENTATION_COMMENTS = YES;
				CLANG_WARN_EMPTY_BODY = YES;
				CLANG_WARN_ENUM_CONVERSION = YES;
				CLANG_WARN_INFINITE_RECURSION = YES;
				CLANG_WARN_INT_CONVERSION = YES;
				CLANG_WARN_NON_LITERAL_NULL_CONVERSION = YES;
				CLANG_WARN_OBJC_LITERAL_CONVERSION = YES;
				CLANG_WARN_OBJC_ROOT_CLASS = YES_ERROR;
				CLANG_WARN_RANGE_LOOP_ANALYSIS = YES;
				CLANG_WARN_STRICT_PROTOTYPES = YES;
				CLANG_WARN_SUSPICIOUS_MOVE = YES;
				CLANG_WARN_UNGUARDED_AVAILABILITY = YES_AGGRESSIVE;
				CLANG_WARN_UNREACHABLE_CODE = YES;
				CLANG_WARN__DUPLICATE_METHOD_MATCH = YES;
				CODE_SIGN_IDENTITY = "iPhone Developer";
				COPY_PHASE_STRIP = NO;
				DEBUG_INFORMATION_FORMAT = dwarf;
				ENABLE_STRICT_OBJC_MSGSEND = YES;
				ENABLE_TESTABILITY = YES;
				GCC_C_LANGUAGE_STANDARD = gnu11;
				GCC_DYNAMIC_NO_PIC = NO;
				GCC_NO_COMMON_BLOCKS = YES;
				GCC_OPTIMIZATION_LEVEL = 0;
				GCC_PREPROCESSOR_DEFINITIONS = (
					"DEBUG=1",
					"$(inherited)",
				);
				GCC_WARN_64_TO_32_BIT_CONVERSION = YES;
				GCC_WARN_ABOUT_RETURN_TYPE = YES_ERROR;
				GCC_WARN_UNDECLARED_SELECTOR = YES;
				GCC_WARN_UNINITIALIZED_AUTOS = YES_AGGRESSIVE;
				GCC_WARN_UNUSED_FUNCTION = YES;
				GCC_WARN_UNUSED_VARIABLE = YES;
				IPHONEOS_DEPLOYMENT_TARGET = 11.0;
				MTL_ENABLE_DEBUG_INFO = YES;
				ONLY_ACTIVE_ARCH = YES;
				SDKROOT = iphoneos;
				SWIFT_ACTIVE_COMPILATION_CONDITIONS = DEBUG;
				SWIFT_OPTIMIZATION_LEVEL = "-Onone";
			};
			name = Debug;
		};
		A64C64091F6CD8B700A407B0 /* Release */ = {
			isa = XCBuildConfiguration;
			buildSettings = {
				ALWAYS_SEARCH_USER_PATHS = NO;
				CLANG_ANALYZER_NONNULL = YES;
				CLANG_ANALYZER_NUMBER_OBJECT_CONVERSION = YES_AGGRESSIVE;
				CLANG_CXX_LANGUAGE_STANDARD = "gnu++14";
				CLANG_CXX_LIBRARY = "libc++";
				CLANG_ENABLE_MODULES = YES;
				CLANG_ENABLE_OBJC_ARC = YES;
				CLANG_WARN_BLOCK_CAPTURE_AUTORELEASING = YES;
				CLANG_WARN_BOOL_CONVERSION = YES;
				CLANG_WARN_COMMA = YES;
				CLANG_WARN_CONSTANT_CONVERSION = YES;
				CLANG_WARN_DIRECT_OBJC_ISA_USAGE = YES_ERROR;
				CLANG_WARN_DOCUMENTATION_COMMENTS = YES;
				CLANG_WARN_EMPTY_BODY = YES;
				CLANG_WARN_ENUM_CONVERSION = YES;
				CLANG_WARN_INFINITE_RECURSION = YES;
				CLANG_WARN_INT_CONVERSION = YES;
				CLANG_WARN_NON_LITERAL_NULL_CONVERSION = YES;
				CLANG_WARN_OBJC_LITERAL_CONVERSION = YES;
				CLANG_WARN_OBJC_ROOT_CLASS = YES_ERROR;
				CLANG_WARN_RANGE_LOOP_ANALYSIS = YES;
				CLANG_WARN_STRICT_PROTOTYPES = YES;
				CLANG_WARN_SUSPICIOUS_MOVE = YES;
				CLANG_WARN_UNGUARDED_AVAILABILITY = YES_AGGRESSIVE;
				CLANG_WARN_UNREACHABLE_CODE = YES;
				CLANG_WARN__DUPLICATE_METHOD_MATCH = YES;
				CODE_SIGN_IDENTITY = "iPhone Developer";
				COPY_PHASE_STRIP = NO;
				DEBUG_INFORMATION_FORMAT = "dwarf-with-dsym";
				ENABLE_NS_ASSERTIONS = NO;
				ENABLE_STRICT_OBJC_MSGSEND = YES;
				GCC_C_LANGUAGE_STANDARD = gnu11;
				GCC_NO_COMMON_BLOCKS = YES;
				GCC_WARN_64_TO_32_BIT_CONVERSION = YES;
				GCC_WARN_ABOUT_RETURN_TYPE = YES_ERROR;
				GCC_WARN_UNDECLARED_SELECTOR = YES;
				GCC_WARN_UNINITIALIZED_AUTOS = YES_AGGRESSIVE;
				GCC_WARN_UNUSED_FUNCTION = YES;
				GCC_WARN_UNUSED_VARIABLE = YES;
				IPHONEOS_DEPLOYMENT_TARGET = 11.0;
				MTL_ENABLE_DEBUG_INFO = NO;
				SDKROOT = iphoneos;
				SWIFT_OPTIMIZATION_LEVEL = "-Owholemodule";
				VALIDATE_PRODUCT = YES;
			};
			name = Release;
		};
		A64C640B1F6CD8B700A407B0 /* Debug */ = {
			isa = XCBuildConfiguration;
			buildSettings = {
				ASSETCATALOG_COMPILER_APPICON_NAME = AppIcon;
				CODE_SIGN_STYLE = Automatic;
				DEVELOPMENT_TEAM = 5CJHDQBCQ2;
				INFOPLIST_FILE = ARPlay/Info.plist;
				LD_RUNPATH_SEARCH_PATHS = "$(inherited) @executable_path/Frameworks";
				PRODUCT_BUNDLE_IDENTIFIER = ca.sfu.alirezaa.ARPlay;
				PRODUCT_NAME = "$(TARGET_NAME)";
				SWIFT_VERSION = 4.0;
				TARGETED_DEVICE_FAMILY = "1,2";
			};
			name = Debug;
		};
		A64C640C1F6CD8B700A407B0 /* Release */ = {
			isa = XCBuildConfiguration;
			buildSettings = {
				ASSETCATALOG_COMPILER_APPICON_NAME = AppIcon;
				CODE_SIGN_STYLE = Automatic;
				DEVELOPMENT_TEAM = 5CJHDQBCQ2;
				INFOPLIST_FILE = ARPlay/Info.plist;
				LD_RUNPATH_SEARCH_PATHS = "$(inherited) @executable_path/Frameworks";
				PRODUCT_BUNDLE_IDENTIFIER = ca.sfu.alirezaa.ARPlay;
				PRODUCT_NAME = "$(TARGET_NAME)";
				SWIFT_VERSION = 4.0;
				TARGETED_DEVICE_FAMILY = "1,2";
			};
			name = Release;
		};
/* End XCBuildConfiguration section */

/* Begin XCConfigurationList section */
		A64C63F31F6CD8B600A407B0 /* Build configuration list for PBXProject "ARPlay" */ = {
			isa = XCConfigurationList;
			buildConfigurations = (
				A64C64081F6CD8B700A407B0 /* Debug */,
				A64C64091F6CD8B700A407B0 /* Release */,
			);
			defaultConfigurationIsVisible = 0;
			defaultConfigurationName = Release;
		};
		A64C640A1F6CD8B700A407B0 /* Build configuration list for PBXNativeTarget "ARPlay" */ = {
			isa = XCConfigurationList;
			buildConfigurations = (
				A64C640B1F6CD8B700A407B0 /* Debug */,
				A64C640C1F6CD8B700A407B0 /* Release */,
			);
			defaultConfigurationIsVisible = 0;
			defaultConfigurationName = Release;
		};
/* End XCConfigurationList section */
	};
	rootObject = A64C63F01F6CD8B600A407B0 /* Project object */;
}
